
Microsoft Visual Studio Solution File, Format Version 12.00
# Visual Studio Version 17
VisualStudioVersion = 17.12.35707.178 d17.12
MinimumVisualStudioVersion = 10.0.40219.1
Project("{FAE04EC0-301F-11D3-BF4B-00C04F79EFBC}") = "IPLMerchendise.API", "IPLMerchendise.API\IPLMerchendise.API.csproj", "{2992BFFF-CDA7-4F67-8422-10ADBB6F8E0F}"
EndProject
Project("{FAE04EC0-301F-11D3-BF4B-00C04F79EFBC}") = "IPLMerchendise.Domain", "IPLMerchendise.Domain\IPLMerchendise.Domain.csproj", "{D6A37EC5-8804-47B7-8EFB-3F70A344B419}"
EndProject
Project("{FAE04EC0-301F-11D3-BF4B-00C04F79EFBC}") = "IPLMerchendise.Infra", "IPLMerchendise.Infra\IPLMerchendise.Infra.csproj", "{89154E15-A9B7-47D4-A1FE-BFA04348BEAF}"
EndProject
Project("{FAE04EC0-301F-11D3-BF4B-00C04F79EFBC}") = "IPLMerchendise.Application", "IPLMerchendise.Application\IPLMerchendise.Application.csproj", "{F8B2001D-30D1-41D9-9DF2-3AA08CABCD5E}"
EndProject
Project("{00D1A9C2-B5F0-4AF3-8072-F6C62B433612}") = "IPLMerchendise.DB", "IPLMerchendise.DB\IPLMerchendise.DB.sqlproj", "{328041F9-7A58-4134-84B3-AC396D50601B}"
EndProject
Project("{FAE04EC0-301F-11D3-BF4B-00C04F79EFBC}") = "IPLMerchendise.DataAccess", "IPLMerchendise.DataAccess\IPLMerchendise.DataAccess.csproj", "{9666531D-9EFF-4DE9-A282-1092CF342954}"
EndProject
Global
	GlobalSection(SolutionConfigurationPlatforms) = preSolution
		Debug|Any CPU = Debug|Any CPU
		Release|Any CPU = Release|Any CPU
	EndGlobalSection
	GlobalSection(ProjectConfigurationPlatforms) = postSolution
		{2992BFFF-CDA7-4F67-8422-10ADBB6F8E0F}.Debug|Any CPU.ActiveCfg = Debug|Any CPU
		{2992BFFF-CDA7-4F67-8422-10ADBB6F8E0F}.Debug|Any CPU.Build.0 = Debug|Any CPU
		{2992BFFF-CDA7-4F67-8422-10ADBB6F8E0F}.Release|Any CPU.ActiveCfg = Release|Any CPU
		{2992BFFF-CDA7-4F67-8422-10ADBB6F8E0F}.Release|Any CPU.Build.0 = Release|Any CPU
		{D6A37EC5-8804-47B7-8EFB-3F70A344B419}.Debug|Any CPU.ActiveCfg = Debug|Any CPU
		{D6A37EC5-8804-47B7-8EFB-3F70A344B419}.Debug|Any CPU.Build.0 = Debug|Any CPU
		{D6A37EC5-8804-47B7-8EFB-3F70A344B419}.Release|Any CPU.ActiveCfg = Release|Any CPU
		{D6A37EC5-8804-47B7-8EFB-3F70A344B419}.Release|Any CPU.Build.0 = Release|Any CPU
		{89154E15-A9B7-47D4-A1FE-BFA04348BEAF}.Debug|Any CPU.ActiveCfg = Debug|Any CPU
		{89154E15-A9B7-47D4-A1FE-BFA04348BEAF}.Debug|Any CPU.Build.0 = Debug|Any CPU
		{89154E15-A9B7-47D4-A1FE-BFA04348BEAF}.Release|Any CPU.ActiveCfg = Release|Any CPU
		{89154E15-A9B7-47D4-A1FE-BFA04348BEAF}.Release|Any CPU.Build.0 = Release|Any CPU
		{F8B2001D-30D1-41D9-9DF2-3AA08CABCD5E}.Debug|Any CPU.ActiveCfg = Debug|Any CPU
		{F8B2001D-30D1-41D9-9DF2-3AA08CABCD5E}.Debug|Any CPU.Build.0 = Debug|Any CPU
		{F8B2001D-30D1-41D9-9DF2-3AA08CABCD5E}.Release|Any CPU.ActiveCfg = Release|Any CPU
		{F8B2001D-30D1-41D9-9DF2-3AA08CABCD5E}.Release|Any CPU.Build.0 = Release|Any CPU
		{328041F9-7A58-4134-84B3-AC396D50601B}.Debug|Any CPU.ActiveCfg = Debug|Any CPU
		{328041F9-7A58-4134-84B3-AC396D50601B}.Debug|Any CPU.Build.0 = Debug|Any CPU
		{328041F9-7A58-4134-84B3-AC396D50601B}.Debug|Any CPU.Deploy.0 = Debug|Any CPU
		{328041F9-7A58-4134-84B3-AC396D50601B}.Release|Any CPU.ActiveCfg = Release|Any CPU
		{328041F9-7A58-4134-84B3-AC396D50601B}.Release|Any CPU.Build.0 = Release|Any CPU
		{328041F9-7A58-4134-84B3-AC396D50601B}.Release|Any CPU.Deploy.0 = Release|Any CPU
		{9666531D-9EFF-4DE9-A282-1092CF342954}.Debug|Any CPU.ActiveCfg = Debug|Any CPU
		{9666531D-9EFF-4DE9-A282-1092CF342954}.Debug|Any CPU.Build.0 = Debug|Any CPU
		{9666531D-9EFF-4DE9-A282-1092CF342954}.Release|Any CPU.ActiveCfg = Release|Any CPU
		{9666531D-9EFF-4DE9-A282-1092CF342954}.Release|Any CPU.Build.0 = Release|Any CPU
	EndGlobalSection
	GlobalSection(SolutionProperties) = preSolution
		HideSolutionNode = FALSE
	EndGlobalSection
EndGlobal
